// !$*UTF8*$!
{
	archiveVersion = 1;
	classes = {
	};
	objectVersion = 56;
	objects = {

/* Begin PBXBuildFile section */
		8D5D3D112A414F3A00F79789 /* LoginView.swift in Sources */ = {isa = PBXBuildFile; fileRef = 8D5D3D102A414F3A00F79789 /* LoginView.swift */; };
		8D5D3D132A414F5800F79789 /* VerificationCodeView.swift in Sources */ = {isa = PBXBuildFile; fileRef = 8D5D3D122A414F5800F79789 /* VerificationCodeView.swift */; };
		8D5D3D152A414F6500F79789 /* HomeView.swift in Sources */ = {isa = PBXBuildFile; fileRef = 8D5D3D142A414F6500F79789 /* HomeView.swift */; };
		8D5D3D182A414F8500F79789 /* User.swift in Sources */ = {isa = PBXBuildFile; fileRef = 8D5D3D172A414F8500F79789 /* User.swift */; };
		8D6857392A412EF5002C20F3 /* NavigationPlayinApp.swift in Sources */ = {isa = PBXBuildFile; fileRef = 8D6857382A412EF5002C20F3 /* NavigationPlayinApp.swift */; };
		8D68573B2A412EF5002C20F3 /* ContentView.swift in Sources */ = {isa = PBXBuildFile; fileRef = 8D68573A2A412EF5002C20F3 /* ContentView.swift */; };
		8D68573D2A412EF6002C20F3 /* Assets.xcassets in Resources */ = {isa = PBXBuildFile; fileRef = 8D68573C2A412EF6002C20F3 /* Assets.xcassets */; };
		8D6857402A412EF6002C20F3 /* Preview Assets.xcassets in Resources */ = {isa = PBXBuildFile; fileRef = 8D68573F2A412EF6002C20F3 /* Preview Assets.xcassets */; };
/* End PBXBuildFile section */

/* Begin PBXFileReference section */
		8D5D3D102A414F3A00F79789 /* LoginView.swift */ = {isa = PBXFileReference; lastKnownFileType = sourcecode.swift; path = LoginView.swift; sourceTree = "<group>"; };
		8D5D3D122A414F5800F79789 /* VerificationCodeView.swift */ = {isa = PBXFileReference; lastKnownFileType = sourcecode.swift; path = VerificationCodeView.swift; sourceTree = "<group>"; };
		8D5D3D142A414F6500F79789 /* HomeView.swift */ = {isa = PBXFileReference; lastKnownFileType = sourcecode.swift; path = HomeView.swift; sourceTree = "<group>"; };
		8D5D3D172A414F8500F79789 /* User.swift */ = {isa = PBXFileReference; lastKnownFileType = sourcecode.swift; path = User.swift; sourceTree = "<group>"; };
		8D6857352A412EF5002C20F3 /* NavigationPlayin.app */ = {isa = PBXFileReference; explicitFileType = wrapper.application; includeInIndex = 0; path = NavigationPlayin.app; sourceTree = BUILT_PRODUCTS_DIR; };
		8D6857382A412EF5002C20F3 /* NavigationPlayinApp.swift */ = {isa = PBXFileReference; lastKnownFileType = sourcecode.swift; path = NavigationPlayinApp.swift; sourceTree = "<group>"; };
		8D68573A2A412EF5002C20F3 /* ContentView.swift */ = {isa = PBXFileReference; lastKnownFileType = sourcecode.swift; path = ContentView.swift; sourceTree = "<group>"; };
		8D68573C2A412EF6002C20F3 /* Assets.xcassets */ = {isa = PBXFileReference; lastKnownFileType = folder.assetcatalog; path = Assets.xcassets; sourceTree = "<group>"; };
		8D68573F2A412EF6002C20F3 /* Preview Assets.xcassets */ = {isa = PBXFileReference; lastKnownFileType = folder.assetcatalog; path = "Preview Assets.xcassets"; sourceTree = "<group>"; };
/* End PBXFileReference section */

/* Begin PBXFrameworksBuildPhase section */
		8D6857322A412EF5002C20F3 /* Frameworks */ = {
			isa = PBXFrameworksBuildPhase;
			buildActionMask = 2147483647;
			files = (
			);
			runOnlyForDeploymentPostprocessing = 0;
		};
/* End PBXFrameworksBuildPhase section */

/* Begin PBXGroup section */
		8D5D3D162A414F7900F79789 /* Models */ = {
			isa = PBXGroup;
			children = (
				8D5D3D172A414F8500F79789 /* User.swift */,
			);
			path = Models;
			sourceTree = "<group>";
		};
		8D68572C2A412EF5002C20F3 = {
			isa = PBXGroup;
			children = (
				8D6857372A412EF5002C20F3 /* NavigationPlayin */,
				8D6857362A412EF5002C20F3 /* Products */,
			);
			sourceTree = "<group>";
		};
		8D6857362A412EF5002C20F3 /* Products */ = {
			isa = PBXGroup;
			children = (
				8D6857352A412EF5002C20F3 /* NavigationPlayin.app */,
			);
			name = Products;
			sourceTree = "<group>";
		};
		8D6857372A412EF5002C20F3 /* NavigationPlayin */ = {
			isa = PBXGroup;
			children = (
				8D6857382A412EF5002C20F3 /* NavigationPlayinApp.swift */,
				8D68573A2A412EF5002C20F3 /* ContentView.swift */,
				8D5D3D102A414F3A00F79789 /* LoginView.swift */,
				8D5D3D122A414F5800F79789 /* VerificationCodeView.swift */,
				8D5D3D142A414F6500F79789 /* HomeView.swift */,
				8D5D3D162A414F7900F79789 /* Models */,
				8D68573C2A412EF6002C20F3 /* Assets.xcassets */,
				8D68573E2A412EF6002C20F3 /* Preview Content */,
			);
			path = NavigationPlayin;
			sourceTree = "<group>";
		};
		8D68573E2A412EF6002C20F3 /* Preview Content */ = {
			isa = PBXGroup;
			children = (
				8D68573F2A412EF6002C20F3 /* Preview Assets.xcassets */,
			);
			path = "Preview Content";
			sourceTree = "<group>";
		};
/* End PBXGroup section */

/* Begin PBXNativeTarget section */
		8D6857342A412EF5002C20F3 /* NavigationPlayin */ = {
			isa = PBXNativeTarget;
			buildConfigurationList = 8D6857432A412EF6002C20F3 /* Build configuration list for PBXNativeTarget "NavigationPlayin" */;
			buildPhases = (
				8D6857312A412EF5002C20F3 /* Sources */,
				8D6857322A412EF5002C20F3 /* Frameworks */,
				8D6857332A412EF5002C20F3 /* Resources */,
			);
			buildRules = (
			);
			dependencies = (
			);
			name = NavigationPlayin;
			productName = NavigationPlayin;
			productReference = 8D6857352A412EF5002C20F3 /* NavigationPlayin.app */;
			productType = "com.apple.product-type.application";
		};
/* End PBXNativeTarget section */

/* Begin PBXProject section */
		8D68572D2A412EF5002C20F3 /* Project object */ = {
			isa = PBXProject;
			attributes = {
				BuildIndependentTargetsInParallel = 1;
				LastSwiftUpdateCheck = 1500;
				LastUpgradeCheck = 1500;
				TargetAttributes = {
					8D6857342A412EF5002C20F3 = {
						CreatedOnToolsVersion = 15.0;
					};
				};
			};
			buildConfigurationList = 8D6857302A412EF5002C20F3 /* Build configuration list for PBXProject "NavigationPlayin" */;
			compatibilityVersion = "Xcode 14.0";
			developmentRegion = en;
			hasScannedForEncodings = 0;
			knownRegions = (
				en,
				Base,
			);
			mainGroup = 8D68572C2A412EF5002C20F3;
			productRefGroup = 8D6857362A412EF5002C20F3 /* Products */;
			projectDirPath = "";
			projectRoot = "";
			targets = (
				8D6857342A412EF5002C20F3 /* NavigationPlayin */,
			);
		};
/* End PBXProject section */

/* Begin PBXResourcesBuildPhase section */
		8D6857332A412EF5002C20F3 /* Resources */ = {
			isa = PBXResourcesBuildPhase;
			buildActionMask = 2147483647;
			files = (
				8D6857402A412EF6002C20F3 /* Preview Assets.xcassets in Resources */,
				8D68573D2A412EF6002C20F3 /* Assets.xcassets in Resources */,
			);
			runOnlyForDeploymentPostprocessing = 0;
		};
/* End PBXResourcesBuildPhase section */

/* Begin PBXSourcesBuildPhase section */
		8D6857312A412EF5002C20F3 /* Sources */ = {
			isa = PBXSourcesBuildPhase;
			buildActionMask = 2147483647;
			files = (
				8D5D3D112A414F3A00F79789 /* LoginView.swift in Sources */,
				8D68573B2A412EF5002C20F3 /* ContentView.swift in Sources */,
				8D5D3D132A414F5800F79789 /* VerificationCodeView.swift in Sources */,
				8D5D3D182A414F8500F79789 /* User.swift in Sources */,
				8D5D3D152A414F6500F79789 /* HomeView.swift in Sources */,
				8D6857392A412EF5002C20F3 /* NavigationPlayinApp.swift in Sources */,
			);
			runOnlyForDeploymentPostprocessing = 0;
		};
/* End PBXSourcesBuildPhase section */

/* Begin XCBuildConfiguration section */
		8D6857412A412EF6002C20F3 /* Debug */ = {
			isa = XCBuildConfiguration;
			buildSettings = {
				ALWAYS_SEARCH_USER_PATHS = NO;
				ASSETCATALOG_COMPILER_GENERATE_SWIFT_ASSET_SYMBOL_EXTENSIONS = YES;
				CLANG_ANALYZER_NONNULL = YES;
				CLANG_ANALYZER_NUMBER_OBJECT_CONVERSION = YES_AGGRESSIVE;
				CLANG_CXX_LANGUAGE_STANDARD = "gnu++20";
				CLANG_ENABLE_MODULES = YES;
				CLANG_ENABLE_OBJC_ARC = YES;
				CLANG_ENABLE_OBJC_WEAK = YES;
				CLANG_WARN_BLOCK_CAPTURE_AUTORELEASING = YES;
				CLANG_WARN_BOOL_CONVERSION = YES;
				CLANG_WARN_COMMA = YES;
				CLANG_WARN_CONSTANT_CONVERSION = YES;
				CLANG_WARN_DEPRECATED_OBJC_IMPLEMENTATIONS = YES;
				CLANG_WARN_DIRECT_OBJC_ISA_USAGE = YES_ERROR;
				CLANG_WARN_DOCUMENTATION_COMMENTS = YES;
				CLANG_WARN_EMPTY_BODY = YES;
				CLANG_WARN_ENUM_CONVERSION = YES;
				CLANG_WARN_INFINITE_RECURSION = YES;
				CLANG_WARN_INT_CONVERSION = YES;
				CLANG_WARN_NON_LITERAL_NULL_CONVERSION = YES;
				CLANG_WARN_OBJC_IMPLICIT_RETAIN_SELF = YES;
				CLANG_WARN_OBJC_LITERAL_CONVERSION = YES;
				CLANG_WARN_OBJC_ROOT_CLASS = YES_ERROR;
				CLANG_WARN_QUOTED_INCLUDE_IN_FRAMEWORK_HEADER = YES;
				CLANG_WARN_RANGE_LOOP_ANALYSIS = YES;
				CLANG_WARN_STRICT_PROTOTYPES = YES;
				CLANG_WARN_SUSPICIOUS_MOVE = YES;
				CLANG_WARN_UNGUARDED_AVAILABILITY = YES_AGGRESSIVE;
				CLANG_WARN_UNREACHABLE_CODE = YES;
				CLANG_WARN__DUPLICATE_METHOD_MATCH = YES;
				COPY_PHASE_STRIP = NO;
				DEBUG_INFORMATION_FORMAT = dwarf;
				ENABLE_STRICT_OBJC_MSGSEND = YES;
				ENABLE_TESTABILITY = YES;
				ENABLE_USER_SCRIPT_SANDBOXING = YES;
				GCC_C_LANGUAGE_STANDARD = gnu17;
				GCC_DYNAMIC_NO_PIC = NO;
				GCC_NO_COMMON_BLOCKS = YES;
				GCC_OPTIMIZATION_LEVEL = 0;
				GCC_PREPROCESSOR_DEFINITIONS = (
					"DEBUG=1",
					"$(inherited)",
				);
				GCC_WARN_64_TO_32_BIT_CONVERSION = YES;
				GCC_WARN_ABOUT_RETURN_TYPE = YES_ERROR;
				GCC_WARN_UNDECLARED_SELECTOR = YES;
				GCC_WARN_UNINITIALIZED_AUTOS = YES_AGGRESSIVE;
				GCC_WARN_UNUSED_FUNCTION = YES;
				GCC_WARN_UNUSED_VARIABLE = YES;
				IPHONEOS_DEPLOYMENT_TARGET = 17.0;
				LOCALIZATION_PREFERS_STRING_CATALOGS = YES;
				MTL_ENABLE_DEBUG_INFO = INCLUDE_SOURCE;
				MTL_FAST_MATH = YES;
				ONLY_ACTIVE_ARCH = YES;
				SDKROOT = iphoneos;
				SWIFT_ACTIVE_COMPILATION_CONDITIONS = "DEBUG $(inherited)";
				SWIFT_OPTIMIZATION_LEVEL = "-Onone";
			};
			name = Debug;
		};
		8D6857422A412EF6002C20F3 /* Release */ = {
			isa = XCBuildConfiguration;
			buildSettings = {
				ALWAYS_SEARCH_USER_PATHS = NO;
				ASSETCATALOG_COMPILER_GENERATE_SWIFT_ASSET_SYMBOL_EXTENSIONS = YES;
				CLANG_ANALYZER_NONNULL = YES;
				CLANG_ANALYZER_NUMBER_OBJECT_CONVERSION = YES_AGGRESSIVE;
				CLANG_CXX_LANGUAGE_STANDARD = "gnu++20";
				CLANG_ENABLE_MODULES = YES;
				CLANG_ENABLE_OBJC_ARC = YES;
				CLANG_ENABLE_OBJC_WEAK = YES;
				CLANG_WARN_BLOCK_CAPTURE_AUTORELEASING = YES;
				CLANG_WARN_BOOL_CONVERSION = YES;
				CLANG_WARN_COMMA = YES;
				CLANG_WARN_CONSTANT_CONVERSION = YES;
				CLANG_WARN_DEPRECATED_OBJC_IMPLEMENTATIONS = YES;
				CLANG_WARN_DIRECT_OBJC_ISA_USAGE = YES_ERROR;
				CLANG_WARN_DOCUMENTATION_COMMENTS = YES;
				CLANG_WARN_EMPTY_BODY = YES;
				CLANG_WARN_ENUM_CONVERSION = YES;
				CLANG_WARN_INFINITE_RECURSION = YES;
				CLANG_WARN_INT_CONVERSION = YES;
				CLANG_WARN_NON_LITERAL_NULL_CONVERSION = YES;
				CLANG_WARN_OBJC_IMPLICIT_RETAIN_SELF = YES;
				CLANG_WARN_OBJC_LITERAL_CONVERSION = YES;
				CLANG_WARN_OBJC_ROOT_CLASS = YES_ERROR;
				CLANG_WARN_QUOTED_INCLUDE_IN_FRAMEWORK_HEADER = YES;
				CLANG_WARN_RANGE_LOOP_ANALYSIS = YES;
				CLANG_WARN_STRICT_PROTOTYPES = YES;
				CLANG_WARN_SUSPICIOUS_MOVE = YES;
				CLANG_WARN_UNGUARDED_AVAILABILITY = YES_AGGRESSIVE;
				CLANG_WARN_UNREACHABLE_CODE = YES;
				CLANG_WARN__DUPLICATE_METHOD_MATCH = YES;
				COPY_PHASE_STRIP = NO;
				DEBUG_INFORMATION_FORMAT = "dwarf-with-dsym";
				ENABLE_NS_ASSERTIONS = NO;
				ENABLE_STRICT_OBJC_MSGSEND = YES;
				ENABLE_USER_SCRIPT_SANDBOXING = YES;
				GCC_C_LANGUAGE_STANDARD = gnu17;
				GCC_NO_COMMON_BLOCKS = YES;
				GCC_WARN_64_TO_32_BIT_CONVERSION = YES;
				GCC_WARN_ABOUT_RETURN_TYPE = YES_ERROR;
				GCC_WARN_UNDECLARED_SELECTOR = YES;
				GCC_WARN_UNINITIALIZED_AUTOS = YES_AGGRESSIVE;
				GCC_WARN_UNUSED_FUNCTION = YES;
				GCC_WARN_UNUSED_VARIABLE = YES;
				IPHONEOS_DEPLOYMENT_TARGET = 17.0;
				LOCALIZATION_PREFERS_STRING_CATALOGS = YES;
				MTL_ENABLE_DEBUG_INFO = NO;
				MTL_FAST_MATH = YES;
				SDKROOT = iphoneos;
				SWIFT_COMPILATION_MODE = wholemodule;
				VALIDATE_PRODUCT = YES;
			};
			name = Release;
		};
		8D6857442A412EF6002C20F3 /* Debug */ = {
			isa = XCBuildConfiguration;
			buildSettings = {
				ASSETCATALOG_COMPILER_APPICON_NAME = AppIcon;
				ASSETCATALOG_COMPILER_GLOBAL_ACCENT_COLOR_NAME = AccentColor;
				CODE_SIGN_STYLE = Automatic;
				CURRENT_PROJECT_VERSION = 1;
				DEVELOPMENT_ASSET_PATHS = "\"NavigationPlayin/Preview Content\"";
				DEVELOPMENT_TEAM = A56D86G827;
				ENABLE_PREVIEWS = YES;
				GENERATE_INFOPLIST_FILE = YES;
				INFOPLIST_KEY_UIApplicationSceneManifest_Generation = YES;
				INFOPLIST_KEY_UIApplicationSupportsIndirectInputEvents = YES;
				INFOPLIST_KEY_UILaunchScreen_Generation = YES;
				INFOPLIST_KEY_UISupportedInterfaceOrientations_iPad = "UIInterfaceOrientationPortrait UIInterfaceOrientationPortraitUpsideDown UIInterfaceOrientationLandscapeLeft UIInterfaceOrientationLandscapeRight";
				INFOPLIST_KEY_UISupportedInterfaceOrientations_iPhone = "UIInterfaceOrientationPortrait UIInterfaceOrientationLandscapeLeft UIInterfaceOrientationLandscapeRight";
				IPHONEOS_DEPLOYMENT_TARGET = 17.0;
				LD_RUNPATH_SEARCH_PATHS = (
					"$(inherited)",
					"@executable_path/Frameworks",
				);
				MARKETING_VERSION = 1.0;
				PRODUCT_BUNDLE_IDENTIFIER = com.mikekavouras.NavigationPlayin;
				PRODUCT_NAME = "$(TARGET_NAME)";
				SWIFT_EMIT_LOC_STRINGS = YES;
				SWIFT_VERSION = 5.0;
				TARGETED_DEVICE_FAMILY = "1,2";
			};
			name = Debug;
		};
		8D6857452A412EF6002C20F3 /* Release */ = {
			isa = XCBuildConfiguration;
			buildSettings = {
				ASSETCATALOG_COMPILER_APPICON_NAME = AppIcon;
				ASSETCATALOG_COMPILER_GLOBAL_ACCENT_COLOR_NAME = AccentColor;
				CODE_SIGN_STYLE = Automatic;
				CURRENT_PROJECT_VERSION = 1;
				DEVELOPMENT_ASSET_PATHS = "\"NavigationPlayin/Preview Content\"";
				DEVELOPMENT_TEAM = A56D86G827;
				ENABLE_PREVIEWS = YES;
				GENERATE_INFOPLIST_FILE = YES;
				INFOPLIST_KEY_UIApplicationSceneManifest_Generation = YES;
				INFOPLIST_KEY_UIApplicationSupportsIndirectInputEvents = YES;
				INFOPLIST_KEY_UILaunchScreen_Generation = YES;
				INFOPLIST_KEY_UISupportedInterfaceOrientations_iPad = "UIInterfaceOrientationPortrait UIInterfaceOrientationPortraitUpsideDown UIInterfaceOrientationLandscapeLeft UIInterfaceOrientationLandscapeRight";
				INFOPLIST_KEY_UISupportedInterfaceOrientations_iPhone = "UIInterfaceOrientationPortrait UIInterfaceOrientationLandscapeLeft UIInterfaceOrientationLandscapeRight";
				IPHONEOS_DEPLOYMENT_TARGET = 17.0;
				LD_RUNPATH_SEARCH_PATHS = (
					"$(inherited)",
					"@executable_path/Frameworks",
				);
				MARKETING_VERSION = 1.0;
				PRODUCT_BUNDLE_IDENTIFIER = com.mikekavouras.NavigationPlayin;
				PRODUCT_NAME = "$(TARGET_NAME)";
				SWIFT_EMIT_LOC_STRINGS = YES;
				SWIFT_VERSION = 5.0;
				TARGETED_DEVICE_FAMILY = "1,2";
			};
			name = Release;
		};
/* End XCBuildConfiguration section */

/* Begin XCConfigurationList section */
		8D6857302A412EF5002C20F3 /* Build configuration list for PBXProject "NavigationPlayin" */ = {
			isa = XCConfigurationList;
			buildConfigurations = (
				8D6857412A412EF6002C20F3 /* Debug */,
				8D6857422A412EF6002C20F3 /* Release */,
			);
			defaultConfigurationIsVisible = 0;
			defaultConfigurationName = Release;
		};
		8D6857432A412EF6002C20F3 /* Build configuration list for PBXNativeTarget "NavigationPlayin" */ = {
			isa = XCConfigurationList;
			buildConfigurations = (
				8D6857442A412EF6002C20F3 /* Debug */,
				8D6857452A412EF6002C20F3 /* Release */,
			);
			defaultConfigurationIsVisible = 0;
			defaultConfigurationName = Release;
		};
/* End XCConfigurationList section */
	};
	rootObject = 8D68572D2A412EF5002C20F3 /* Project object */;
}
